
Microsoft Visual Studio Solution File, Format Version 12.00
# Visual Studio Version 16
VisualStudioVersion = 16.0.810.2
MinimumVisualStudioVersion = 10.0.40219.1
Project("{FAE04EC0-301F-11D3-BF4B-00C04F79EFBC}") = "Eje2", "Eje2\Eje2.csproj", "{664C3082-ED34-462A-8812-B4D3D1220476}"
EndProject
Global
	GlobalSection(SolutionConfigurationPlatforms) = preSolution
		Debug|anycpu = Debug|anycpu
		Release|anycpu = Release|anycpu
	EndGlobalSection
	GlobalSection(ProjectConfigurationPlatforms) = postSolution
		{664C3082-ED34-462A-8812-B4D3D1220476}.Debug|anycpu.ActiveCfg = Debug|anycpu
		{664C3082-ED34-462A-8812-B4D3D1220476}.Debug|anycpu.Build.0 = Debug|anycpu
		{664C3082-ED34-462A-8812-B4D3D1220476}.Release|anycpu.ActiveCfg = Release|anycpu
		{664C3082-ED34-462A-8812-B4D3D1220476}.Release|anycpu.Build.0 = Release|anycpu
	EndGlobalSection
	GlobalSection(SolutionProperties) = preSolution
		HideSolutionNode = FALSE
	EndGlobalSection
	GlobalSection(ExtensibilityGlobals) = postSolution
		SolutionGuid = {B488F81F-ABA1-4558-87B0-43972B220F84}
	EndGlobalSection
EndGlobal
