
Microsoft Visual Studio Solution File, Format Version 12.00
# Visual Studio Version 16
VisualStudioVersion = 16.0.810.2
MinimumVisualStudioVersion = 10.0.40219.1
Project("{FAE04EC0-301F-11D3-BF4B-00C04F79EFBC}") = "Eje5", "Eje5\Eje5.csproj", "{06F71792-4C37-44EA-AB3F-21DF99BACD0B}"
EndProject
Global
	GlobalSection(SolutionConfigurationPlatforms) = preSolution
		Debug|anycpu = Debug|anycpu
		Release|anycpu = Release|anycpu
	EndGlobalSection
	GlobalSection(ProjectConfigurationPlatforms) = postSolution
		{06F71792-4C37-44EA-AB3F-21DF99BACD0B}.Debug|anycpu.ActiveCfg = Debug|anycpu
		{06F71792-4C37-44EA-AB3F-21DF99BACD0B}.Debug|anycpu.Build.0 = Debug|anycpu
		{06F71792-4C37-44EA-AB3F-21DF99BACD0B}.Release|anycpu.ActiveCfg = Release|anycpu
		{06F71792-4C37-44EA-AB3F-21DF99BACD0B}.Release|anycpu.Build.0 = Release|anycpu
	EndGlobalSection
	GlobalSection(SolutionProperties) = preSolution
		HideSolutionNode = FALSE
	EndGlobalSection
	GlobalSection(ExtensibilityGlobals) = postSolution
		SolutionGuid = {BCC33483-6F14-4263-9D34-F7967B245513}
	EndGlobalSection
EndGlobal
